
Microsoft Visual Studio Solution File, Format Version 12.00
# Visual Studio Version 16
VisualStudioVersion = 16.0.29613.14
MinimumVisualStudioVersion = 10.0.40219.1
Project("{2150E333-8FDC-42A3-9474-1A3956D46DE8}") = "SerilogSeqDemo", "SerilogSeqDemo", "{2513809A-14D9-4E81-92BB-6E8B5F0BA003}"
EndProject
Project("{9A19103F-16F7-4668-BE54-9A1E7A4F7556}") = "SeqDemo", "SeqDemo\SeqDemo.csproj", "{E3BF71C5-F22C-4340-966C-9BE834017CB1}"
EndProject
Project("{2150E333-8FDC-42A3-9474-1A3956D46DE8}") = "WorkerDemo", "WorkerDemo", "{49E374D3-0145-4CFA-8C54-CDC63F76055F}"
EndProject
Project("{9A19103F-16F7-4668-BE54-9A1E7A4F7556}") = "WorkerServiceDemo", "WorkerServiceDemo\WorkerServiceDemo.csproj", "{10B435CD-D4DD-4CC2-8CEC-67E86D6D3085}"
EndProject
Project("{2150E333-8FDC-42A3-9474-1A3956D46DE8}") = "EnvironmentDemo", "EnvironmentDemo", "{92F59888-46AD-4846-B47A-674D6B538106}"
EndProject
Project("{9A19103F-16F7-4668-BE54-9A1E7A4F7556}") = "EnvironmentDotNetDemo", "EnvironmentDotNetDemo\EnvironmentDotNetDemo.csproj", "{77118EF6-3ED0-4EA8-8A66-FF9F81AE876A}"
EndProject
Global
	GlobalSection(SolutionConfigurationPlatforms) = preSolution
		Debug|Any CPU = Debug|Any CPU
		Release|Any CPU = Release|Any CPU
	EndGlobalSection
	GlobalSection(ProjectConfigurationPlatforms) = postSolution
		{E3BF71C5-F22C-4340-966C-9BE834017CB1}.Debug|Any CPU.ActiveCfg = Debug|Any CPU
		{E3BF71C5-F22C-4340-966C-9BE834017CB1}.Debug|Any CPU.Build.0 = Debug|Any CPU
		{E3BF71C5-F22C-4340-966C-9BE834017CB1}.Release|Any CPU.ActiveCfg = Release|Any CPU
		{E3BF71C5-F22C-4340-966C-9BE834017CB1}.Release|Any CPU.Build.0 = Release|Any CPU
		{10B435CD-D4DD-4CC2-8CEC-67E86D6D3085}.Debug|Any CPU.ActiveCfg = Debug|Any CPU
		{10B435CD-D4DD-4CC2-8CEC-67E86D6D3085}.Debug|Any CPU.Build.0 = Debug|Any CPU
		{10B435CD-D4DD-4CC2-8CEC-67E86D6D3085}.Release|Any CPU.ActiveCfg = Release|Any CPU
		{10B435CD-D4DD-4CC2-8CEC-67E86D6D3085}.Release|Any CPU.Build.0 = Release|Any CPU
		{77118EF6-3ED0-4EA8-8A66-FF9F81AE876A}.Debug|Any CPU.ActiveCfg = Debug|Any CPU
		{77118EF6-3ED0-4EA8-8A66-FF9F81AE876A}.Debug|Any CPU.Build.0 = Debug|Any CPU
		{77118EF6-3ED0-4EA8-8A66-FF9F81AE876A}.Release|Any CPU.ActiveCfg = Release|Any CPU
		{77118EF6-3ED0-4EA8-8A66-FF9F81AE876A}.Release|Any CPU.Build.0 = Release|Any CPU
	EndGlobalSection
	GlobalSection(SolutionProperties) = preSolution
		HideSolutionNode = FALSE
	EndGlobalSection
	GlobalSection(NestedProjects) = preSolution
		{E3BF71C5-F22C-4340-966C-9BE834017CB1} = {2513809A-14D9-4E81-92BB-6E8B5F0BA003}
		{10B435CD-D4DD-4CC2-8CEC-67E86D6D3085} = {49E374D3-0145-4CFA-8C54-CDC63F76055F}
		{77118EF6-3ED0-4EA8-8A66-FF9F81AE876A} = {92F59888-46AD-4846-B47A-674D6B538106}
	EndGlobalSection
	GlobalSection(ExtensibilityGlobals) = postSolution
		SolutionGuid = {8291BCF9-5EE7-45A1-8AD7-4F50718D4B53}
	EndGlobalSection
EndGlobal
